
Microsoft Visual Studio Solution File, Format Version 12.00
# Visual Studio Version 17
VisualStudioVersion = 17.11.35327.3
MinimumVisualStudioVersion = 10.0.40219.1
Project("{9A19103F-16F7-4668-BE54-9A1E7A4F7556}") = "Palermo.Domain", "src\Palermo.Domain\Palermo.Domain.csproj", "{020267DA-4F2C-49D3-A19A-EC7EFD338C39}"
EndProject
Project("{FAE04EC0-301F-11D3-BF4B-00C04F79EFBC}") = "Palermo.UI.Console", "src\Palermo.UI.Console\Palermo.UI.Console.csproj", "{0E092D99-6260-4503-8E3F-63752C15E971}"
EndProject
Project("{2150E333-8FDC-42A3-9474-1A3956D46DE8}") = "Tests", "Tests", "{296665FA-01C2-4F0C-A7F1-8534E12CFE97}"
EndProject
Project("{2150E333-8FDC-42A3-9474-1A3956D46DE8}") = "src", "src", "{C17FAD40-5314-413A-BECC-7890F56E0076}"
EndProject
Project("{FAE04EC0-301F-11D3-BF4B-00C04F79EFBC}") = "Palermo.Tests", "test\Palermo.Tests\Palermo.Tests.csproj", "{7A553DB0-1F6E-4B91-9602-6AF6A9EEF745}"
EndProject
Global
	GlobalSection(SolutionConfigurationPlatforms) = preSolution
		Debug|Any CPU = Debug|Any CPU
		Release|Any CPU = Release|Any CPU
	EndGlobalSection
	GlobalSection(ProjectConfigurationPlatforms) = postSolution
		{020267DA-4F2C-49D3-A19A-EC7EFD338C39}.Debug|Any CPU.ActiveCfg = Debug|Any CPU
		{020267DA-4F2C-49D3-A19A-EC7EFD338C39}.Debug|Any CPU.Build.0 = Debug|Any CPU
		{020267DA-4F2C-49D3-A19A-EC7EFD338C39}.Release|Any CPU.ActiveCfg = Release|Any CPU
		{020267DA-4F2C-49D3-A19A-EC7EFD338C39}.Release|Any CPU.Build.0 = Release|Any CPU
		{0E092D99-6260-4503-8E3F-63752C15E971}.Debug|Any CPU.ActiveCfg = Debug|Any CPU
		{0E092D99-6260-4503-8E3F-63752C15E971}.Debug|Any CPU.Build.0 = Debug|Any CPU
		{0E092D99-6260-4503-8E3F-63752C15E971}.Release|Any CPU.ActiveCfg = Release|Any CPU
		{0E092D99-6260-4503-8E3F-63752C15E971}.Release|Any CPU.Build.0 = Release|Any CPU
		{7A553DB0-1F6E-4B91-9602-6AF6A9EEF745}.Debug|Any CPU.ActiveCfg = Debug|Any CPU
		{7A553DB0-1F6E-4B91-9602-6AF6A9EEF745}.Debug|Any CPU.Build.0 = Debug|Any CPU
		{7A553DB0-1F6E-4B91-9602-6AF6A9EEF745}.Release|Any CPU.ActiveCfg = Release|Any CPU
		{7A553DB0-1F6E-4B91-9602-6AF6A9EEF745}.Release|Any CPU.Build.0 = Release|Any CPU
	EndGlobalSection
	GlobalSection(SolutionProperties) = preSolution
		HideSolutionNode = FALSE
	EndGlobalSection
	GlobalSection(NestedProjects) = preSolution
		{020267DA-4F2C-49D3-A19A-EC7EFD338C39} = {C17FAD40-5314-413A-BECC-7890F56E0076}
		{0E092D99-6260-4503-8E3F-63752C15E971} = {C17FAD40-5314-413A-BECC-7890F56E0076}
		{7A553DB0-1F6E-4B91-9602-6AF6A9EEF745} = {296665FA-01C2-4F0C-A7F1-8534E12CFE97}
	EndGlobalSection
	GlobalSection(ExtensibilityGlobals) = postSolution
		SolutionGuid = {E1C0B22A-502A-44F0-B2FF-CE974356BD60}
	EndGlobalSection
EndGlobal
